<Solution>
  <Folder Name="/src/">
    <Project Path="src/ConferenceBooking.API/ConferenceBooking.API.csproj" />
    <Project Path="src/ConferenceBooking.Application/ConferenceBooking.Application.csproj" />
    <Project Path="src/ConferenceBooking.Domain/ConferenceBooking.Domain.csproj" />
    <Project Path="src/ConferenceBooking.Infrastructure/ConferenceBooking.Infrastructure.csproj" />
  </Folder>
  <Folder Name="/tests/">
    <Project Path="tests/ConferenceBooking.Tests/ConferenceBooking.Tests.csproj" />
  </Folder>
</Solution>
